<?xml version="1.0" encoding="utf-8"?>
<Project ToolsVersion="4.0" xmlns="http://schemas.microsoft.com/developer/msbuild/2003">
  <ItemGroup>
    <Filter Include="Source Files">
      <UniqueIdentifier>{4FC737F1-C7A5-4376-A066-2A32D752A2FF}</UniqueIdentifier>
      <Extensions>cpp;c;cc;cxx;def;odl;idl;hpj;bat;asm;asmx</Extensions>
    </Filter>
    <Filter Include="Header Files">
      <UniqueIdentifier>{93995380-89BD-4b04-88EB-625FBE52EBFB}</UniqueIdentifier>
      <Extensions>h;hh;hpp;hxx;hm;inl;inc;xsd</Extensions>
    </Filter>
    <Filter Include="Resource Files">
      <UniqueIdentifier>{67DA6AB6-F800-4c08-8B7A-83BB121AAD01}</UniqueIdentifier>
      <Extensions>qrc;rc;ico;cur;bmp;dlg;rc2;rct;bin;rgs;gif;jpg;jpeg;jpe;resx;tiff;tif;png;wav;mfcribbon-ms</Extensions>
    </Filter>
    <Filter Include="Form Files">
      <UniqueIdentifier>{99349809-55BA-4b9d-BF79-8FDBB0286EB3}</UniqueIdentifier>
      <Extensions>ui</Extensions>
    </Filter>
    <Filter Include="Translation Files">
      <UniqueIdentifier>{639EADAA-A684-42e4-A9AD-28FC9BCB8F7C}</UniqueIdentifier>
      <Extensions>ts</Extensions>
    </Filter>
    <Filter Include="Header Files\Sorting">
      <UniqueIdentifier>{4b82574f-f890-4dd5-8425-37d2e4631bea}</UniqueIdentifier>
    </Filter>
    <Filter Include="Header Files\HeaderCollage">
      <UniqueIdentifier>{f7c4c8f3-a4fe-4403-9a3b-e3c368d5a91c}</UniqueIdentifier>
    </Filter>
    <Filter Include="Form Files\SortingUI">
      <UniqueIdentifier>{66ce7244-0c6f-4eae-90cd-c63e344425b6}</UniqueIdentifier>
    </Filter>
    <Filter Include="Source Files\Sorting">
      <UniqueIdentifier>{20279905-ecde-4a3f-b815-93adaed00f8d}</UniqueIdentifier>
    </Filter>
  </ItemGroup>
  <ItemGroup>
    <QtRcc Include="MainWidget.qrc">
      <Filter>Resource Files</Filter>
    </QtRcc>
    <QtUic Include="MainWidget.ui">
      <Filter>Form Files</Filter>
    </QtUic>
    <QtMoc Include="MainWidget.h">
      <Filter>Header Files</Filter>
    </QtMoc>
    <ClCompile Include="MainWidget.cpp">
      <Filter>Source Files</Filter>
    </ClCompile>
  </ItemGroup>
  <ItemGroup>
    <ClCompile Include="main.cpp">
      <Filter>Source Files</Filter>
    </ClCompile>
    <ClCompile Include="TabUI.cpp">
      <Filter>Source Files</Filter>
    </ClCompile>
    <ClCompile Include="TabClass.cpp">
      <Filter>Source Files</Filter>
    </ClCompile>
    <ClCompile Include="TabTemplateClass.cpp">
      <Filter>Source Files</Filter>
    </ClCompile>
    <ClCompile Include="SortingBaseClass.cpp">
      <Filter>Source Files\Sorting</Filter>
    </ClCompile>
    <ClCompile Include="SortingTemplateClass.cpp">
      <Filter>Source Files\Sorting</Filter>
    </ClCompile>
    <ClCompile Include="SortingLeftTitleUi.cpp">
      <Filter>Source Files\Sorting</Filter>
    </ClCompile>
    <ClCompile Include="SortingRightTitleUi.cpp">
      <Filter>Source Files\Sorting</Filter>
    </ClCompile>
  </ItemGroup>
  <ItemGroup>
    <QtMoc Include="TabUI.h">
      <Filter>Header Files</Filter>
    </QtMoc>
    <QtMoc Include="TabTemplateClass.h">
      <Filter>Header Files</Filter>
    </QtMoc>
    <QtMoc Include="TabClass.h">
      <Filter>Header Files</Filter>
    </QtMoc>
    <QtMoc Include="SortingBaseClass.h">
      <Filter>Header Files\Sorting</Filter>
    </QtMoc>
    <QtMoc Include="SortingLeftTitleUi.h">
      <Filter>Header Files\Sorting</Filter>
    </QtMoc>
    <QtMoc Include="SortingRightTitleUi.h">
      <Filter>Header Files\Sorting</Filter>
    </QtMoc>
  </ItemGroup>
  <ItemGroup>
    <QtUic Include="TabUI.ui">
      <Filter>Form Files</Filter>
    </QtUic>
    <QtUic Include="SortingLeftTitleUi.ui">
      <Filter>Form Files\SortingUI</Filter>
    </QtUic>
    <QtUic Include="SortingRightTitleUi.ui">
      <Filter>Form Files\SortingUI</Filter>
    </QtUic>
  </ItemGroup>
  <ItemGroup>
    <ClInclude Include="SortingTemplateClass.h">
      <Filter>Header Files\Sorting</Filter>
    </ClInclude>
    <ClInclude Include="BaseClasses.h">
      <Filter>Header Files\HeaderCollage</Filter>
    </ClInclude>
  </ItemGroup>
</Project>